
Microsoft Visual Studio Solution File, Format Version 12.00
# Visual Studio 15
VisualStudioVersion = 15.0.28307.168
MinimumVisualStudioVersion = 10.0.40219.1
Project("{2150E333-8FDC-42A3-9474-1A3956D46DE8}") = "src", "src", "{1C5C3A6E-2D35-4B39-BD90-C66BDC48CE42}"
EndProject
Project("{FAE04EC0-301F-11D3-BF4B-00C04F79EFBC}") = "AzureForum.Web", "src\AzureForum.Web\AzureForum.Web.csproj", "{84A2C057-86C6-464B-99C9-7C78D60E1336}"
EndProject
Project("{FAE04EC0-301F-11D3-BF4B-00C04F79EFBC}") = "AzureForum.Data", "src\AzureForum.Data\AzureForum.Data.csproj", "{5B63FA79-F293-4621-B669-B815ED44A504}"
EndProject
Project("{FAE04EC0-301F-11D3-BF4B-00C04F79EFBC}") = "AzureForum.Account", "src\AzureForum.Account\AzureForum.Account.csproj", "{08F246C2-C2D2-42F6-9641-3F9C5E3DC955}"
EndProject
Project("{FAE04EC0-301F-11D3-BF4B-00C04F79EFBC}") = "AzureForum.Common", "src\AzureForum.Common\AzureForum.Common.csproj", "{28655591-A288-4882-9704-C23F5FA81023}"
EndProject
Project("{FAE04EC0-301F-11D3-BF4B-00C04F79EFBC}") = "AzureForum.Posts", "src\AzureForum.Posts\AzureForum.Posts.csproj", "{02F11157-B3F7-414E-9FBA-A443ACA02994}"
EndProject
Global
	GlobalSection(SolutionConfigurationPlatforms) = preSolution
		Debug|Any CPU = Debug|Any CPU
		Release|Any CPU = Release|Any CPU
	EndGlobalSection
	GlobalSection(ProjectConfigurationPlatforms) = postSolution
		{84A2C057-86C6-464B-99C9-7C78D60E1336}.Debug|Any CPU.ActiveCfg = Debug|Any CPU
		{84A2C057-86C6-464B-99C9-7C78D60E1336}.Debug|Any CPU.Build.0 = Debug|Any CPU
		{84A2C057-86C6-464B-99C9-7C78D60E1336}.Release|Any CPU.ActiveCfg = Release|Any CPU
		{84A2C057-86C6-464B-99C9-7C78D60E1336}.Release|Any CPU.Build.0 = Release|Any CPU
		{5B63FA79-F293-4621-B669-B815ED44A504}.Debug|Any CPU.ActiveCfg = Debug|Any CPU
		{5B63FA79-F293-4621-B669-B815ED44A504}.Debug|Any CPU.Build.0 = Debug|Any CPU
		{5B63FA79-F293-4621-B669-B815ED44A504}.Release|Any CPU.ActiveCfg = Release|Any CPU
		{5B63FA79-F293-4621-B669-B815ED44A504}.Release|Any CPU.Build.0 = Release|Any CPU
		{08F246C2-C2D2-42F6-9641-3F9C5E3DC955}.Debug|Any CPU.ActiveCfg = Debug|Any CPU
		{08F246C2-C2D2-42F6-9641-3F9C5E3DC955}.Debug|Any CPU.Build.0 = Debug|Any CPU
		{08F246C2-C2D2-42F6-9641-3F9C5E3DC955}.Release|Any CPU.ActiveCfg = Release|Any CPU
		{08F246C2-C2D2-42F6-9641-3F9C5E3DC955}.Release|Any CPU.Build.0 = Release|Any CPU
		{28655591-A288-4882-9704-C23F5FA81023}.Debug|Any CPU.ActiveCfg = Debug|Any CPU
		{28655591-A288-4882-9704-C23F5FA81023}.Debug|Any CPU.Build.0 = Debug|Any CPU
		{28655591-A288-4882-9704-C23F5FA81023}.Release|Any CPU.ActiveCfg = Release|Any CPU
		{28655591-A288-4882-9704-C23F5FA81023}.Release|Any CPU.Build.0 = Release|Any CPU
		{02F11157-B3F7-414E-9FBA-A443ACA02994}.Debug|Any CPU.ActiveCfg = Debug|Any CPU
		{02F11157-B3F7-414E-9FBA-A443ACA02994}.Debug|Any CPU.Build.0 = Debug|Any CPU
		{02F11157-B3F7-414E-9FBA-A443ACA02994}.Release|Any CPU.ActiveCfg = Release|Any CPU
		{02F11157-B3F7-414E-9FBA-A443ACA02994}.Release|Any CPU.Build.0 = Release|Any CPU
	EndGlobalSection
	GlobalSection(SolutionProperties) = preSolution
		HideSolutionNode = FALSE
	EndGlobalSection
	GlobalSection(NestedProjects) = preSolution
		{84A2C057-86C6-464B-99C9-7C78D60E1336} = {1C5C3A6E-2D35-4B39-BD90-C66BDC48CE42}
		{5B63FA79-F293-4621-B669-B815ED44A504} = {1C5C3A6E-2D35-4B39-BD90-C66BDC48CE42}
		{08F246C2-C2D2-42F6-9641-3F9C5E3DC955} = {1C5C3A6E-2D35-4B39-BD90-C66BDC48CE42}
		{28655591-A288-4882-9704-C23F5FA81023} = {1C5C3A6E-2D35-4B39-BD90-C66BDC48CE42}
		{02F11157-B3F7-414E-9FBA-A443ACA02994} = {1C5C3A6E-2D35-4B39-BD90-C66BDC48CE42}
	EndGlobalSection
	GlobalSection(ExtensibilityGlobals) = postSolution
		SolutionGuid = {2686604D-0191-4FFE-8ACB-B8B21B82C8B5}
	EndGlobalSection
EndGlobal
